lockfileVersion: 5.4

specifiers:
  unix-print: ^1.2.0
  ws: ^8.12.1

dependencies:
  unix-print: 1.2.0
  ws: 8.12.1

packages:

  /unix-print/1.2.0:
    resolution: {integrity: sha512-2bdXpjkaTNR+tzxKa59ZzwYz30DoGu+/fSkuPEzBn+uADgOKWy2cL7p0hZX6BTk9IOWDG6yMlGlqbpyFyax4aA==}
    dev: false

  /ws/8.12.1:
    resolution: {integrity: sha512-1qo+M9Ba+xNhPB+YTWUlK6M17brTut5EXbcBaMRN5pH5dFrXz7lzz1ChFSUq3bOUl8yEvSenhHmYUNJxFzdJew==}
    engines: {node: '>=10.0.0'}
    peerDependencies:
      bufferutil: ^4.0.1
      utf-8-validate: '>=5.0.2'
    peerDependenciesMeta:
      bufferutil:
        optional: true
      utf-8-validate:
        optional: true
    dev: false
